
Microsoft Visual Studio Solution File, Format Version 12.00
# Visual Studio Version 16
VisualStudioVersion = 16.0.31729.503
MinimumVisualStudioVersion = 10.0.40219.1
Project("{FAE04EC0-301F-11D3-BF4B-00C04F79EFBC}") = "ders_9", "ders_9\ders_9.csproj", "{6B4008F9-493B-4B5D-A638-1DF4FD4669DC}"
EndProject
Global
	GlobalSection(SolutionConfigurationPlatforms) = preSolution
		Debug|Any CPU = Debug|Any CPU
		Release|Any CPU = Release|Any CPU
	EndGlobalSection
	GlobalSection(ProjectConfigurationPlatforms) = postSolution
		{6B4008F9-493B-4B5D-A638-1DF4FD4669DC}.Debug|Any CPU.ActiveCfg = Debug|Any CPU
		{6B4008F9-493B-4B5D-A638-1DF4FD4669DC}.Debug|Any CPU.Build.0 = Debug|Any CPU
		{6B4008F9-493B-4B5D-A638-1DF4FD4669DC}.Release|Any CPU.ActiveCfg = Release|Any CPU
		{6B4008F9-493B-4B5D-A638-1DF4FD4669DC}.Release|Any CPU.Build.0 = Release|Any CPU
	EndGlobalSection
	GlobalSection(SolutionProperties) = preSolution
		HideSolutionNode = FALSE
	EndGlobalSection
	GlobalSection(ExtensibilityGlobals) = postSolution
		SolutionGuid = {8A0CE509-53A9-46CC-948B-EA89D5218653}
	EndGlobalSection
EndGlobal
