
Microsoft Visual Studio Solution File, Format Version 12.00
# Visual Studio Version 16
VisualStudioVersion = 16.0.31729.503
MinimumVisualStudioVersion = 10.0.40219.1
Project("{FAE04EC0-301F-11D3-BF4B-00C04F79EFBC}") = "ders_8", "ders_8\ders_8.csproj", "{FD51B9B0-B0CF-444C-83E0-23164DD0D0E6}"
EndProject
Global
	GlobalSection(SolutionConfigurationPlatforms) = preSolution
		Debug|Any CPU = Debug|Any CPU
		Release|Any CPU = Release|Any CPU
	EndGlobalSection
	GlobalSection(ProjectConfigurationPlatforms) = postSolution
		{FD51B9B0-B0CF-444C-83E0-23164DD0D0E6}.Debug|Any CPU.ActiveCfg = Debug|Any CPU
		{FD51B9B0-B0CF-444C-83E0-23164DD0D0E6}.Debug|Any CPU.Build.0 = Debug|Any CPU
		{FD51B9B0-B0CF-444C-83E0-23164DD0D0E6}.Release|Any CPU.ActiveCfg = Release|Any CPU
		{FD51B9B0-B0CF-444C-83E0-23164DD0D0E6}.Release|Any CPU.Build.0 = Release|Any CPU
	EndGlobalSection
	GlobalSection(SolutionProperties) = preSolution
		HideSolutionNode = FALSE
	EndGlobalSection
	GlobalSection(ExtensibilityGlobals) = postSolution
		SolutionGuid = {A5158972-867C-42A8-BC50-BD01E1688A29}
	EndGlobalSection
EndGlobal
